
Microsoft Visual Studio Solution File, Format Version 12.00
# Visual Studio Version 17
VisualStudioVersion = 17.4.33213.308
MinimumVisualStudioVersion = 10.0.40219.1
Project("{FAE04EC0-301F-11D3-BF4B-00C04F79EFBC}") = "RankingApp", "RankingApp\RankingApp.csproj", "{025B9616-2C10-420C-96B2-75274E384604}"
EndProject
Global
	GlobalSection(SolutionConfigurationPlatforms) = preSolution
		Debug|Any CPU = Debug|Any CPU
		Release|Any CPU = Release|Any CPU
	EndGlobalSection
	GlobalSection(ProjectConfigurationPlatforms) = postSolution
		{025B9616-2C10-420C-96B2-75274E384604}.Debug|Any CPU.ActiveCfg = Debug|Any CPU
		{025B9616-2C10-420C-96B2-75274E384604}.Debug|Any CPU.Build.0 = Debug|Any CPU
		{025B9616-2C10-420C-96B2-75274E384604}.Release|Any CPU.ActiveCfg = Release|Any CPU
		{025B9616-2C10-420C-96B2-75274E384604}.Release|Any CPU.Build.0 = Release|Any CPU
	EndGlobalSection
	GlobalSection(SolutionProperties) = preSolution
		HideSolutionNode = FALSE
	EndGlobalSection
	GlobalSection(ExtensibilityGlobals) = postSolution
		SolutionGuid = {607EBA63-F438-4DA1-B1E3-9721A255C346}
	EndGlobalSection
EndGlobal
